
Microsoft Visual Studio Solution File, Format Version 12.00
# Visual Studio Version 16
VisualStudioVersion = 16.0.31005.135
MinimumVisualStudioVersion = 10.0.40219.1
Project("{8BC9CEB8-8B4A-11D0-8D11-00A0C91BC942}") = "HLFixes", "HLFixes\HLFixes.vcxproj", "{83A06D33-1CF1-476A-B8B7-DA00DF395EAA}"
EndProject
Project("{FAE04EC0-301F-11D3-BF4B-00C04F79EFBC}") = "Installer", "Installer\Installer.csproj", "{EF313A69-009C-480C-BC7A-2151B101CBC1}"
EndProject
Global
	GlobalSection(SolutionConfigurationPlatforms) = preSolution
		Debug|Any CPU = Debug|Any CPU
		Debug|x64 = Debug|x64
		Debug|x86 = Debug|x86
		Release|Any CPU = Release|Any CPU
		Release|x64 = Release|x64
		Release|x86 = Release|x86
	EndGlobalSection
	GlobalSection(ProjectConfigurationPlatforms) = postSolution
		{83A06D33-1CF1-476A-B8B7-DA00DF395EAA}.Debug|Any CPU.ActiveCfg = Debug|Win32
		{83A06D33-1CF1-476A-B8B7-DA00DF395EAA}.Debug|x64.ActiveCfg = Debug|x64
		{83A06D33-1CF1-476A-B8B7-DA00DF395EAA}.Debug|x64.Build.0 = Debug|x64
		{83A06D33-1CF1-476A-B8B7-DA00DF395EAA}.Debug|x86.ActiveCfg = Debug|Win32
		{83A06D33-1CF1-476A-B8B7-DA00DF395EAA}.Debug|x86.Build.0 = Debug|Win32
		{83A06D33-1CF1-476A-B8B7-DA00DF395EAA}.Release|Any CPU.ActiveCfg = Release|Win32
		{83A06D33-1CF1-476A-B8B7-DA00DF395EAA}.Release|x64.ActiveCfg = Release|x64
		{83A06D33-1CF1-476A-B8B7-DA00DF395EAA}.Release|x64.Build.0 = Release|x64
		{83A06D33-1CF1-476A-B8B7-DA00DF395EAA}.Release|x86.ActiveCfg = Release|Win32
		{83A06D33-1CF1-476A-B8B7-DA00DF395EAA}.Release|x86.Build.0 = Release|Win32
		{EF313A69-009C-480C-BC7A-2151B101CBC1}.Debug|Any CPU.ActiveCfg = Debug|Any CPU
		{EF313A69-009C-480C-BC7A-2151B101CBC1}.Debug|Any CPU.Build.0 = Debug|Any CPU
		{EF313A69-009C-480C-BC7A-2151B101CBC1}.Debug|x64.ActiveCfg = Debug|Any CPU
		{EF313A69-009C-480C-BC7A-2151B101CBC1}.Debug|x64.Build.0 = Debug|Any CPU
		{EF313A69-009C-480C-BC7A-2151B101CBC1}.Debug|x86.ActiveCfg = Debug|Any CPU
		{EF313A69-009C-480C-BC7A-2151B101CBC1}.Debug|x86.Build.0 = Debug|Any CPU
		{EF313A69-009C-480C-BC7A-2151B101CBC1}.Release|Any CPU.ActiveCfg = Release|Any CPU
		{EF313A69-009C-480C-BC7A-2151B101CBC1}.Release|Any CPU.Build.0 = Release|Any CPU
		{EF313A69-009C-480C-BC7A-2151B101CBC1}.Release|x64.ActiveCfg = Release|Any CPU
		{EF313A69-009C-480C-BC7A-2151B101CBC1}.Release|x64.Build.0 = Release|Any CPU
		{EF313A69-009C-480C-BC7A-2151B101CBC1}.Release|x86.ActiveCfg = Release|Any CPU
		{EF313A69-009C-480C-BC7A-2151B101CBC1}.Release|x86.Build.0 = Release|Any CPU
	EndGlobalSection
	GlobalSection(SolutionProperties) = preSolution
		HideSolutionNode = FALSE
	EndGlobalSection
	GlobalSection(ExtensibilityGlobals) = postSolution
		SolutionGuid = {9159117F-4CA4-46E3-AE34-53EB85308404}
	EndGlobalSection
EndGlobal
